
Microsoft Visual Studio Solution File, Format Version 12.00
# Visual Studio 15
VisualStudioVersion = 15.0.28307.645
MinimumVisualStudioVersion = 10.0.40219.1
Project("{FAE04EC0-301F-11D3-BF4B-00C04F79EFBC}") = "FamilyFun", "FamilyFun\FamilyFun.csproj", "{3C2B3EFC-8B6C-476D-9804-1AF631214697}"
EndProject
Global
	GlobalSection(SolutionConfigurationPlatforms) = preSolution
		Debug|Any CPU = Debug|Any CPU
		Release|Any CPU = Release|Any CPU
	EndGlobalSection
	GlobalSection(ProjectConfigurationPlatforms) = postSolution
		{3C2B3EFC-8B6C-476D-9804-1AF631214697}.Debug|Any CPU.ActiveCfg = Debug|Any CPU
		{3C2B3EFC-8B6C-476D-9804-1AF631214697}.Debug|Any CPU.Build.0 = Debug|Any CPU
		{3C2B3EFC-8B6C-476D-9804-1AF631214697}.Release|Any CPU.ActiveCfg = Release|Any CPU
		{3C2B3EFC-8B6C-476D-9804-1AF631214697}.Release|Any CPU.Build.0 = Release|Any CPU
	EndGlobalSection
	GlobalSection(SolutionProperties) = preSolution
		HideSolutionNode = FALSE
	EndGlobalSection
	GlobalSection(ExtensibilityGlobals) = postSolution
		SolutionGuid = {E74A6672-B2FB-4DF2-BAA5-5F4FDB0003AD}
	EndGlobalSection
EndGlobal
